{
    "hash": "09373bacfd6fead921992dc749dfb658",
    "packages": [
        {
            "package": "avalanche123/imagine-bundle",
            "version": "dev-master",
            "source-reference": "5b1b09bebe0b3a3499a629b8a6fa907f8063d568"
        },
        {
            "package": "doctrine/common",
            "version": "2.2.x-dev",
            "source-reference": "1e0aa60d109c630d19543d999f12e2852ef8f932"
        },
        {
            "package": "doctrine/dbal",
            "version": "2.2.0-RC3"
        },
        {
            "package": "doctrine/doctrine-bundle",
            "version": "dev-master",
            "source-reference": "f100a7727b89ab5519ed68a72d29e75eb2c85d8b"
        },
        {
            "package": "doctrine/orm",
            "version": "2.2.x-dev",
            "source-reference": "5f66c65c9a8d984899903b54215d0249a45b92d6"
        },
        {
            "package": "friendsofsymfony/jsrouting-bundle",
            "version": "dev-master",
            "source-reference": "c2e24804dd47e0473b25e4685c41f28e403c4cc8"
        },
        {
            "package": "friendsofsymfony/user-bundle",
            "version": "dev-master",
            "source-reference": "aa7984c7b88463460b8020d31aaf54b668584cc2"
        },
        {
            "package": "gedmo/doctrine-extensions",
            "version": "dev-master",
            "source-reference": "21d34feefedcfbd26016a0a395ed134677f71fcf"
        },
        {
            "package": "imagine/Imagine",
            "version": "dev-master",
            "source-reference": "v0.2.8"
        },
        {
            "package": "jms/aop-bundle",
            "version": "1.0.0"
        },
        {
            "package": "jms/cg",
            "version": "1.0.0"
        },
        {
            "package": "jms/di-extra-bundle",
            "version": "1.0.1"
        },
        {
            "package": "jms/metadata",
            "version": "1.1.1"
        },
        {
            "package": "jms/security-extra-bundle",
            "version": "1.1.0"
        },
        {
            "package": "knplabs/knp-components",
            "version": "dev-master",
            "source-reference": "4fb9bc439351cfe32af05cd127bfabf725f11966"
        },
        {
            "package": "knplabs/knp-menu",
            "version": "dev-master",
            "source-reference": "ca754a2e28f12de4a1c379d15066ad039d1f15b2"
        },
        {
            "package": "knplabs/knp-menu",
            "version": "dev-master",
            "alias-pretty-version": "1.1.x-dev",
            "alias-version": "1.1.9999999.9999999-dev"
        },
        {
            "package": "knplabs/knp-menu",
            "version": "dev-master",
            "alias-pretty-version": "2.0.x-dev",
            "alias-version": "2.0.9999999.9999999-dev"
        },
        {
            "package": "knplabs/knp-menu-bundle",
            "version": "dev-master",
            "source-reference": "v1.1.0"
        },
        {
            "package": "knplabs/knp-paginator-bundle",
            "version": "dev-master",
            "source-reference": "2d1ac3afcb811f950ed4a1c804b0e0b67ea42c5c"
        },
        {
            "package": "kriswallsmith/assetic",
            "version": "dev-master",
            "alias-pretty-version": "1.1.x-dev",
            "alias-version": "1.1.9999999.9999999-dev"
        },
        {
            "package": "kriswallsmith/assetic",
            "version": "dev-master",
            "source-reference": "8c76115503d23340e19b5cf6aa95f86663f7185f"
        },
        {
            "package": "kriswallsmith/assetic",
            "version": "dev-master",
            "alias-pretty-version": "1.1.x-dev",
            "alias-version": "1.1.9999999.9999999-dev"
        },
        {
            "package": "monolog/monolog",
            "version": "1.1.0"
        },
        {
            "package": "neutron/neutron-assetic-bundle",
            "version": "dev-master",
            "source-reference": "b1e0118abaeff2312ad66342c557f22964bc83f3"
        },
        {
            "package": "neutron/neutron-datagrid-bundle",
            "version": "dev-master",
            "source-reference": "c7a4ff1397da0a5f67e80e48cb4ea7667757994f"
        },
        {
            "package": "neutron/neutron-form-bundle",
            "version": "dev-master",
            "source-reference": "bd85bae6f614f1fd1c96648f0e8351dbf9ab113a"
        },
        {
            "package": "sensio/distribution-bundle",
            "version": "dev-master",
            "source-reference": "7d75b222c8e4ead64ff82e5c9b2fa3ba71c70cf0"
        },
        {
            "package": "sensio/framework-extra-bundle",
            "version": "dev-master",
            "source-reference": "e00b525b14784ea4f21c14945e58b4a76a530a6a"
        },
        {
            "package": "sensio/generator-bundle",
            "version": "dev-master",
            "source-reference": "0813379920dcaa4b06361501f654379383d75f16"
        },
        {
            "package": "stof/doctrine-extensions-bundle",
            "version": "dev-master",
            "source-reference": "f141a698d65271a18d86469c1f7b29d7e24170dd"
        },
        {
            "package": "swiftmailer/swiftmailer",
            "version": "dev-master",
            "alias-pretty-version": "4.1.x-dev",
            "alias-version": "4.1.9999999.9999999-dev"
        },
        {
            "package": "swiftmailer/swiftmailer",
            "version": "dev-master",
            "source-reference": "d33d54cc8a081b0b85734744936ede1ba230dd64"
        },
        {
            "package": "swiftmailer/swiftmailer",
            "version": "dev-master",
            "alias-pretty-version": "4.1.x-dev",
            "alias-version": "4.1.9999999.9999999-dev"
        },
        {
            "package": "symfony/assetic-bundle",
            "version": "dev-master",
            "source-reference": "61c9f363e73b4ecbb72f81eb62675260a1132048"
        },
        {
            "package": "symfony/monolog-bundle",
            "version": "dev-master",
            "source-reference": "1231105826078c117e07e57d7f658141d6147d35"
        },
        {
            "package": "symfony/swiftmailer-bridge",
            "version": "dev-master",
            "source-reference": "408eb09f5799d393ddc3d916ec3667857fb3a20d"
        },
        {
            "package": "symfony/swiftmailer-bridge",
            "version": "dev-master",
            "alias-pretty-version": "2.1.x-dev",
            "alias-version": "2.1.9999999.9999999-dev"
        },
        {
            "package": "symfony/swiftmailer-bridge",
            "version": "dev-master",
            "alias-pretty-version": "2.1.x-dev",
            "alias-version": "2.1.9999999.9999999-dev"
        },
        {
            "package": "symfony/swiftmailer-bundle",
            "version": "dev-master",
            "source-reference": "71e1789868665cf94dc7831f645625fd0f70aac6"
        },
        {
            "package": "symfony/symfony",
            "version": "dev-master",
            "alias-pretty-version": "2.1.x-dev",
            "alias-version": "2.1.9999999.9999999-dev"
        },
        {
            "package": "symfony/symfony",
            "version": "dev-master",
            "source-reference": "1541fe26e4d78135ab24ae2edfb1dbc2a9b2fa40"
        },
        {
            "package": "symfony/symfony",
            "version": "dev-master",
            "alias-pretty-version": "2.1.x-dev",
            "alias-version": "2.1.9999999.9999999-dev"
        },
        {
            "package": "twig/extensions",
            "version": "dev-master",
            "source-reference": "feb6d3f10c411e2631997c0a905aa581c80305c1"
        },
        {
            "package": "twig/twig",
            "version": "dev-master",
            "alias-pretty-version": "1.8.x-dev",
            "alias-version": "1.8.9999999.9999999-dev"
        },
        {
            "package": "twig/twig",
            "version": "dev-master",
            "source-reference": "6d072640c44f1781049afd2d96060c72da80662a"
        },
        {
            "package": "twig/twig",
            "version": "dev-master",
            "alias-pretty-version": "1.8.x-dev",
            "alias-version": "1.8.9999999.9999999-dev"
        }
    ],
    "packages-dev": null,
    "aliases": [

    ],
    "minimum-stability": "dev",
    "stability-flags": {
        "doctrine/doctrine-bundle": 20,
        "twig/extensions": 20,
        "symfony/assetic-bundle": 20,
        "symfony/swiftmailer-bundle": 20,
        "symfony/monolog-bundle": 20,
        "sensio/distribution-bundle": 20,
        "sensio/framework-extra-bundle": 20,
        "sensio/generator-bundle": 20,
        "stof/doctrine-extensions-bundle": 20,
        "neutron/neutron-assetic-bundle": 20,
        "neutron/neutron-datagrid-bundle": 20,
        "neutron/neutron-form-bundle": 20,
        "knplabs/knp-menu-bundle": 20,
        "friendsofsymfony/jsrouting-bundle": 20,
        "imagine/imagine": 20,
        "avalanche123/imagine-bundle": 20
    }
}
